<?xml version="1.0" encoding="utf-8"?>
<Project ToolsVersion="4.0" xmlns="http://schemas.microsoft.com/developer/msbuild/2003">
  <ItemGroup>
    <Filter Include="99.Default">
      <UniqueIdentifier>{fc8b797d-9de3-44ae-b6fb-f37920a62e92}</UniqueIdentifier>
    </Filter>
    <Filter Include="99.Default\Ects">
      <UniqueIdentifier>{67DA6AB6-F800-4c08-8B7A-83BB121AAD01}</UniqueIdentifier>
      <Extensions>rc;ico;cur;bmp;dlg;rc2;rct;bin;rgs;gif;jpg;jpeg;jpe;resx;tiff;tif;png;wav;mfcribbon-ms</Extensions>
    </Filter>
    <Filter Include="98.Defines">
      <UniqueIdentifier>{29413899-746b-4cf3-9492-35009ea7a7d3}</UniqueIdentifier>
    </Filter>
    <Filter Include="00.ToolApp">
      <UniqueIdentifier>{c391732e-65d6-407b-b3a0-b2bec519d102}</UniqueIdentifier>
    </Filter>
    <Filter Include="05.TestObject">
      <UniqueIdentifier>{a2c96dd7-b3bc-4a61-a218-0a92d4e34656}</UniqueIdentifier>
    </Filter>
    <Filter Include="04.Camera">
      <UniqueIdentifier>{7f200341-c113-4bbe-88af-fbb991bc661e}</UniqueIdentifier>
    </Filter>
    <Filter Include="02.Scene">
      <UniqueIdentifier>{d98156e8-4470-4a21-b08b-d96b502ead44}</UniqueIdentifier>
    </Filter>
  </ItemGroup>
  <ItemGroup>
    <ClInclude Include="..\Public\ToolDefines.h">
      <Filter>98.Defines</Filter>
    </ClInclude>
    <ClInclude Include="..\Public\ToolMaker.h">
      <Filter>98.Defines</Filter>
    </ClInclude>
    <ClInclude Include="..\Public\TToolApp.h">
      <Filter>00.ToolApp</Filter>
    </ClInclude>
    <ClInclude Include="Tool.h">
      <Filter>99.Default</Filter>
    </ClInclude>
    <ClInclude Include="targetver.h">
      <Filter>99.Default</Filter>
    </ClInclude>
    <ClInclude Include="Resource.h">
      <Filter>99.Default</Filter>
    </ClInclude>
    <ClInclude Include="framework.h">
      <Filter>99.Default</Filter>
    </ClInclude>
    <ClInclude Include="..\Public\TTestObject.h">
      <Filter>05.TestObject</Filter>
    </ClInclude>
    <ClInclude Include="..\Public\TMainCamera.h">
      <Filter>04.Camera</Filter>
    </ClInclude>
    <ClInclude Include="..\Public\TMainScene.h">
      <Filter>02.Scene</Filter>
    </ClInclude>
  </ItemGroup>
  <ItemGroup>
    <ClCompile Include="..\Private\TToolApp.cpp">
      <Filter>00.ToolApp</Filter>
    </ClCompile>
    <ClCompile Include="Tool.cpp">
      <Filter>99.Default</Filter>
    </ClCompile>
    <ClCompile Include="..\Private\TTestObject.cpp">
      <Filter>05.TestObject</Filter>
    </ClCompile>
    <ClCompile Include="..\Private\TMainCamera.cpp">
      <Filter>04.Camera</Filter>
    </ClCompile>
    <ClCompile Include="..\Private\TMainScene.cpp">
      <Filter>02.Scene</Filter>
    </ClCompile>
  </ItemGroup>
  <ItemGroup>
    <ResourceCompile Include="Tool.rc">
      <Filter>99.Default\Ects</Filter>
    </ResourceCompile>
  </ItemGroup>
  <ItemGroup>
    <Image Include="small.ico">
      <Filter>99.Default\Ects</Filter>
    </Image>
    <Image Include="Tool.ico">
      <Filter>99.Default\Ects</Filter>
    </Image>
  </ItemGroup>
</Project>