<?xml version="1.0" encoding="utf-8"?>
<Project ToolsVersion="4.0" xmlns="http://schemas.microsoft.com/developer/msbuild/2003">
  <ItemGroup>
    <Filter Include="99.Default">
      <UniqueIdentifier>{39535b89-52a8-471d-9058-89255aa174cf}</UniqueIdentifier>
    </Filter>
    <Filter Include="99.Default\Struct">
      <UniqueIdentifier>{6de7b64e-83a6-4752-9894-66cec341b659}</UniqueIdentifier>
    </Filter>
    <Filter Include="02.DxClass">
      <UniqueIdentifier>{8c86b252-dbdb-427e-9827-a47f55dee782}</UniqueIdentifier>
    </Filter>
    <Filter Include="02.DxClass\Device">
      <UniqueIdentifier>{3e41f507-8c14-4976-96e8-344995a2e592}</UniqueIdentifier>
    </Filter>
    <Filter Include="02.DxClass\Command">
      <UniqueIdentifier>{c5ec7109-a828-4020-9a78-d69cfc943d74}</UniqueIdentifier>
    </Filter>
    <Filter Include="02.DxClass\Command\GPU">
      <UniqueIdentifier>{f421da4a-1d8b-4fef-89d8-9eac70314c7a}</UniqueIdentifier>
    </Filter>
    <Filter Include="02.DxClass\GlobalConstants">
      <UniqueIdentifier>{d1d7604a-7ca3-424b-ae6d-804b8d961115}</UniqueIdentifier>
    </Filter>
    <Filter Include="02.DxClass\ShaderBuffer">
      <UniqueIdentifier>{f1f364ed-abfa-40b4-9351-183544a80d73}</UniqueIdentifier>
    </Filter>
    <Filter Include="02.DxClass\StructedBuffer">
      <UniqueIdentifier>{53671a04-d598-4c92-93b9-8841b773b2cd}</UniqueIdentifier>
    </Filter>
    <Filter Include="02.DxClass\TableDescriptor">
      <UniqueIdentifier>{7e767d63-bf69-486b-bba3-ec3594e15b7e}</UniqueIdentifier>
    </Filter>
    <Filter Include="02.DxClass\RootSignature">
      <UniqueIdentifier>{936693f7-98c6-4420-8f0f-135fbda2c605}</UniqueIdentifier>
    </Filter>
    <Filter Include="02.DxClass\SwapChains">
      <UniqueIdentifier>{d080eea8-4a5e-4e2f-95aa-1466b4ed1ad7}</UniqueIdentifier>
    </Filter>
    <Filter Include="00.Instance">
      <UniqueIdentifier>{f3310adc-3721-40c0-a896-a88a419174b9}</UniqueIdentifier>
    </Filter>
    <Filter Include="00.Instance\Game">
      <UniqueIdentifier>{6d510d9a-4d3b-4ace-90ed-bee5bd6c03cf}</UniqueIdentifier>
    </Filter>
    <Filter Include="01.Manager">
      <UniqueIdentifier>{0a145115-e42f-4f2f-969c-77a071efa5dc}</UniqueIdentifier>
    </Filter>
    <Filter Include="01.Manager\GraphicDevice">
      <UniqueIdentifier>{1ac1a1db-a83c-45d8-97ef-03b2023d1dea}</UniqueIdentifier>
    </Filter>
    <Filter Include="07.Resource">
      <UniqueIdentifier>{81064a1a-8eed-474c-aa97-d3a2d14f5e89}</UniqueIdentifier>
    </Filter>
    <Filter Include="07.Resource\TextGroup">
      <UniqueIdentifier>{b209d61e-d30a-4584-bc16-167021c564f5}</UniqueIdentifier>
    </Filter>
    <Filter Include="07.Resource\TextGroup\Texture">
      <UniqueIdentifier>{a3a0470f-6abe-4de2-89b8-26b37a12fa98}</UniqueIdentifier>
    </Filter>
    <Filter Include="07.Resource\Shader">
      <UniqueIdentifier>{64052136-665d-4575-b472-b863fd894583}</UniqueIdentifier>
    </Filter>
    <Filter Include="07.Resource\Shader\Compute">
      <UniqueIdentifier>{bb925018-1e83-4ce1-903c-13d98542468f}</UniqueIdentifier>
    </Filter>
    <Filter Include="02.DxClass\Command\Compute">
      <UniqueIdentifier>{9507d151-3dbd-41fc-a592-a7337b4469ab}</UniqueIdentifier>
    </Filter>
    <Filter Include="01.Manager\ResourceManager">
      <UniqueIdentifier>{9ca511da-29ab-4890-b2af-4fe95bebe1fb}</UniqueIdentifier>
    </Filter>
    <Filter Include="03.Utility">
      <UniqueIdentifier>{a16fa7a0-3f61-4c5a-9668-e3e121efbd74}</UniqueIdentifier>
    </Filter>
    <Filter Include="03.Utility\RenderTargetGroup">
      <UniqueIdentifier>{bfddea0a-d0fe-4b5d-b3f4-cb1a27ee326d}</UniqueIdentifier>
    </Filter>
    <Filter Include="01.Manager\RenderTargetManager">
      <UniqueIdentifier>{393ef3a5-7e44-4b0f-a37b-540889e2cb03}</UniqueIdentifier>
    </Filter>
    <Filter Include="07.Resource\VIBuffer">
      <UniqueIdentifier>{bcf7bdc7-6f46-424f-9d0f-4c8235f1111a}</UniqueIdentifier>
    </Filter>
    <Filter Include="07.Resource\VIBuffer\Rect">
      <UniqueIdentifier>{4a7a585f-cc5d-4ee2-b33f-f549973ef9d6}</UniqueIdentifier>
    </Filter>
    <Filter Include="05.Actor">
      <UniqueIdentifier>{0d518e3b-ea8b-4f4e-9967-e1f30f483955}</UniqueIdentifier>
    </Filter>
    <Filter Include="05.Actor\01.Pawn">
      <UniqueIdentifier>{52f1163c-78dc-4394-baea-fec550bf3e5c}</UniqueIdentifier>
    </Filter>
    <Filter Include="05.Actor\02.Camera">
      <UniqueIdentifier>{e15d0f09-c1b8-44d6-b9b1-5e840055bcda}</UniqueIdentifier>
    </Filter>
    <Filter Include="06.Component">
      <UniqueIdentifier>{4f70f2b5-7a18-45ff-a900-80092b6c7c57}</UniqueIdentifier>
    </Filter>
    <Filter Include="06.Component\Transform">
      <UniqueIdentifier>{125a0b54-6c80-4124-b35f-8f09087700b8}</UniqueIdentifier>
    </Filter>
    <Filter Include="01.Manager\ShaderBufferManager">
      <UniqueIdentifier>{d005d701-1f5b-4029-8d5c-300c2fdd6bec}</UniqueIdentifier>
    </Filter>
    <Filter Include="01.Manager\PipeLine">
      <UniqueIdentifier>{a1e1ef3e-120a-47b3-b089-965005441b7d}</UniqueIdentifier>
    </Filter>
    <Filter Include="03.Utility\Frustom">
      <UniqueIdentifier>{5bdd26da-93b2-43a7-951f-5ecb7a5ea815}</UniqueIdentifier>
    </Filter>
    <Filter Include="05.Actor\01.Pawn\Default">
      <UniqueIdentifier>{f366d738-a619-4489-810d-cfc20246c072}</UniqueIdentifier>
    </Filter>
    <Filter Include="05.Actor\01.Pawn\Default\Cube">
      <UniqueIdentifier>{8a7334eb-e29b-41d7-8cab-aa7bd2129b3d}</UniqueIdentifier>
    </Filter>
    <Filter Include="05.Actor\01.Pawn\Default\Debugging">
      <UniqueIdentifier>{7b1ee622-d741-4230-9e24-de1cf618b103}</UniqueIdentifier>
    </Filter>
    <Filter Include="05.Actor\01.Pawn\Default\Sphere">
      <UniqueIdentifier>{0546f690-36a2-4a1e-8261-549e0ebdd190}</UniqueIdentifier>
    </Filter>
    <Filter Include="01.Manager\ActorManager">
      <UniqueIdentifier>{aa651a47-e01b-48fd-873f-e464644ef5a5}</UniqueIdentifier>
    </Filter>
    <Filter Include="01.Manager\ActorManager\Group">
      <UniqueIdentifier>{16f5e381-93ac-4105-a78f-b3adde437454}</UniqueIdentifier>
    </Filter>
    <Filter Include="04.Scene">
      <UniqueIdentifier>{b217ba5e-7f75-4e68-bac5-77110a84f9ef}</UniqueIdentifier>
    </Filter>
    <Filter Include="04.Scene\Loader">
      <UniqueIdentifier>{93b6bb8f-661c-454c-a3f2-0971d4188102}</UniqueIdentifier>
    </Filter>
    <Filter Include="04.Scene\Loader\Resource">
      <UniqueIdentifier>{cd3596ff-462c-4747-ba89-b16484e82d78}</UniqueIdentifier>
    </Filter>
    <Filter Include="01.Manager\SceneManager">
      <UniqueIdentifier>{7275cf29-8733-4a30-8ae1-15639d644161}</UniqueIdentifier>
    </Filter>
    <Filter Include="03.Utility\Timer">
      <UniqueIdentifier>{b5efe7c2-fb63-468f-ade3-075e83f22914}</UniqueIdentifier>
    </Filter>
    <Filter Include="01.Manager\TimerManager">
      <UniqueIdentifier>{d43b08f1-918b-4837-b457-b7cb8ae23a32}</UniqueIdentifier>
    </Filter>
    <Filter Include="01.Manager\FilePathManager">
      <UniqueIdentifier>{3862186b-f818-40f4-88f1-8822ea65145d}</UniqueIdentifier>
    </Filter>
    <Filter Include="01.Manager\ComponentManager">
      <UniqueIdentifier>{5a11fa2c-fa68-4ccf-aaf4-41b752be5886}</UniqueIdentifier>
    </Filter>
    <Filter Include="04.Scene\Light">
      <UniqueIdentifier>{ba78e63a-a7c3-42ab-88a4-a202344ab348}</UniqueIdentifier>
    </Filter>
    <Filter Include="06.Component\Renderer">
      <UniqueIdentifier>{c7454cc4-9788-4a19-9577-bee9b6d67b21}</UniqueIdentifier>
    </Filter>
    <Filter Include="05.Actor\02.Camera\DefferedCamera">
      <UniqueIdentifier>{1c70b4ba-f29b-4882-8602-e1a35c144020}</UniqueIdentifier>
    </Filter>
    <Filter Include="07.Resource\VIBuffer\Cube">
      <UniqueIdentifier>{a71e00b7-7e30-41bf-8092-51a66f4825ab}</UniqueIdentifier>
    </Filter>
    <Filter Include="07.Resource\VIBuffer\Sphere">
      <UniqueIdentifier>{380e7c92-c557-4869-b26f-4d3a9e9ec590}</UniqueIdentifier>
    </Filter>
    <Filter Include="98.ShaderFile">
      <UniqueIdentifier>{55f4e238-5f9b-49ec-a8dc-27fc9cc738c0}</UniqueIdentifier>
    </Filter>
    <Filter Include="98.ShaderFile\Common">
      <UniqueIdentifier>{8f4e86dc-0191-4926-be05-3beba5a10d90}</UniqueIdentifier>
    </Filter>
    <Filter Include="98.ShaderFile\Common\NonAlpha">
      <UniqueIdentifier>{104e7551-0d78-4507-ab6e-17a48b75c41d}</UniqueIdentifier>
    </Filter>
    <Filter Include="98.ShaderFile\RTS">
      <UniqueIdentifier>{a3ff3e2a-6b15-4090-a652-6c31b7ba2d48}</UniqueIdentifier>
    </Filter>
    <Filter Include="07.Resource\Model">
      <UniqueIdentifier>{f2315302-8a69-4e80-8ac4-1fe20879186f}</UniqueIdentifier>
    </Filter>
    <Filter Include="07.Resource\Model\MeshContainer">
      <UniqueIdentifier>{03083128-7f83-4e82-bdc0-b16cfcfc79ef}</UniqueIdentifier>
    </Filter>
    <Filter Include="07.Resource\Model\BoneNode">
      <UniqueIdentifier>{e764c4cc-9c7e-4f2a-a1a5-68aec43b4d2d}</UniqueIdentifier>
    </Filter>
    <Filter Include="07.Resource\Model\Animation">
      <UniqueIdentifier>{43242ec3-8438-4280-a9ee-813880c340f7}</UniqueIdentifier>
    </Filter>
    <Filter Include="07.Resource\Model\Animation\Channel">
      <UniqueIdentifier>{4e47c13d-362f-48d9-947f-4e7ce0f6d165}</UniqueIdentifier>
    </Filter>
    <Filter Include="06.Component\RectTransform">
      <UniqueIdentifier>{92e28880-4fea-4f56-9003-42e0aab6b1d2}</UniqueIdentifier>
    </Filter>
    <Filter Include="05.Actor\01.Pawn\UserInterface">
      <UniqueIdentifier>{bae89e40-752e-42aa-82a1-4ad2516638ea}</UniqueIdentifier>
    </Filter>
    <Filter Include="01.Manager\InputManager">
      <UniqueIdentifier>{0451c500-0dec-4e63-8fca-4d0ab513a986}</UniqueIdentifier>
    </Filter>
    <Filter Include="95.Super">
      <UniqueIdentifier>{0ca7bdf7-e603-4f6f-b136-53e28db7347a}</UniqueIdentifier>
    </Filter>
    <Filter Include="95.Super\Object">
      <UniqueIdentifier>{0422184e-8c7e-4a97-bcb8-f65d291283aa}</UniqueIdentifier>
    </Filter>
    <Filter Include="95.Super\Base">
      <UniqueIdentifier>{9f88f402-6580-4c6d-9e57-26991de1c9fc}</UniqueIdentifier>
    </Filter>
    <Filter Include="97.ClientNeeds">
      <UniqueIdentifier>{8df4b430-0bd2-4c76-87a7-92acda718222}</UniqueIdentifier>
    </Filter>
    <Filter Include="97.ClientNeeds\Method">
      <UniqueIdentifier>{fc89b5e1-6801-4d75-a0d1-ad4ef71e3fe2}</UniqueIdentifier>
    </Filter>
    <Filter Include="97.ClientNeeds\Delegate">
      <UniqueIdentifier>{64fe0bea-9dcd-417e-8810-880060e45da7}</UniqueIdentifier>
    </Filter>
    <Filter Include="96.ServerNeed">
      <UniqueIdentifier>{be3812da-4c30-4d9b-9003-aa2d14cdd06b}</UniqueIdentifier>
    </Filter>
    <Filter Include="97.ClientNeeds\MemoryPool">
      <UniqueIdentifier>{fc441c1a-e190-47b4-b00c-f587f2ae8725}</UniqueIdentifier>
    </Filter>
    <Filter Include="01.Manager\NetworkManager">
      <UniqueIdentifier>{86cb24b7-9ef5-4892-9a87-debaf5c9a572}</UniqueIdentifier>
    </Filter>
    <Filter Include="20.Network">
      <UniqueIdentifier>{558750bb-ac4b-4610-aa42-d72cfef50944}</UniqueIdentifier>
    </Filter>
    <Filter Include="01.Manager\ThreadManager">
      <UniqueIdentifier>{bd0c8d4c-97e1-459e-87f8-3e51b45defd5}</UniqueIdentifier>
    </Filter>
    <Filter Include="03.Utility\Thread">
      <UniqueIdentifier>{d5eec6f4-ca46-431b-9276-38d887215866}</UniqueIdentifier>
    </Filter>
    <Filter Include="99.Default\ImGui">
      <UniqueIdentifier>{af4a8a41-0a31-4c27-bf04-56b0c5b8d87c}</UniqueIdentifier>
    </Filter>
  </ItemGroup>
  <ItemGroup>
    <ClCompile Include="..\private\EngineStruct.cpp">
      <Filter>99.Default\Struct</Filter>
    </ClCompile>
    <ClCompile Include="..\private\UObject.cpp">
      <Filter>95.Super\Object</Filter>
    </ClCompile>
    <ClCompile Include="..\private\UCloneObject.cpp">
      <Filter>95.Super\Object</Filter>
    </ClCompile>
    <ClCompile Include="..\private\UBase.cpp">
      <Filter>95.Super\Base</Filter>
    </ClCompile>
    <ClCompile Include="..\private\UDevice.cpp">
      <Filter>02.DxClass\Device</Filter>
    </ClCompile>
    <ClCompile Include="..\private\UCommand.cpp">
      <Filter>02.DxClass\Command</Filter>
    </ClCompile>
    <ClCompile Include="..\private\UGpuCommand.cpp">
      <Filter>02.DxClass\Command\GPU</Filter>
    </ClCompile>
    <ClCompile Include="..\private\UGlobalConstantBuffer.cpp">
      <Filter>02.DxClass\GlobalConstants</Filter>
    </ClCompile>
    <ClCompile Include="..\private\UMethod.cpp">
      <Filter>97.ClientNeeds\Method</Filter>
    </ClCompile>
    <ClCompile Include="..\private\UShaderConstantBuffer.cpp">
      <Filter>02.DxClass\ShaderBuffer</Filter>
    </ClCompile>
    <ClCompile Include="..\private\UShaderStructedBuffer.cpp">
      <Filter>02.DxClass\StructedBuffer</Filter>
    </ClCompile>
    <ClCompile Include="..\private\UTableDescriptor.cpp">
      <Filter>02.DxClass\TableDescriptor</Filter>
    </ClCompile>
    <ClCompile Include="..\private\URootSignature.cpp">
      <Filter>02.DxClass\RootSignature</Filter>
    </ClCompile>
    <ClCompile Include="..\private\USwapChain.cpp">
      <Filter>02.DxClass\SwapChains</Filter>
    </ClCompile>
    <ClCompile Include="..\private\UGameInstance.cpp">
      <Filter>00.Instance\Game</Filter>
    </ClCompile>
    <ClCompile Include="..\private\UGraphicDevice.cpp">
      <Filter>01.Manager\GraphicDevice</Filter>
    </ClCompile>
    <ClCompile Include="..\private\UTexture.cpp">
      <Filter>07.Resource\TextGroup\Texture</Filter>
    </ClCompile>
    <ClCompile Include="..\private\UTexGroup.cpp">
      <Filter>07.Resource\TextGroup</Filter>
    </ClCompile>
    <ClCompile Include="..\private\UResource.cpp">
      <Filter>07.Resource</Filter>
    </ClCompile>
    <ClCompile Include="..\private\UShader.cpp">
      <Filter>07.Resource\Shader</Filter>
    </ClCompile>
    <ClCompile Include="..\private\UComputeShader.cpp">
      <Filter>07.Resource\Shader\Compute</Filter>
    </ClCompile>
    <ClCompile Include="..\private\UComputeCommand.cpp">
      <Filter>02.DxClass\Command\Compute</Filter>
    </ClCompile>
    <ClCompile Include="..\private\UResourceManager.cpp">
      <Filter>01.Manager\ResourceManager</Filter>
    </ClCompile>
    <ClCompile Include="..\private\URenderTargetGroup.cpp">
      <Filter>03.Utility\RenderTargetGroup</Filter>
    </ClCompile>
    <ClCompile Include="..\private\URenderTargetManager.cpp">
      <Filter>01.Manager\RenderTargetManager</Filter>
    </ClCompile>
    <ClCompile Include="..\private\UVIBuffer.cpp">
      <Filter>07.Resource\VIBuffer</Filter>
    </ClCompile>
    <ClCompile Include="..\private\UVIBufferRect.cpp">
      <Filter>07.Resource\VIBuffer\Rect</Filter>
    </ClCompile>
    <ClCompile Include="..\private\UActor.cpp">
      <Filter>05.Actor</Filter>
    </ClCompile>
    <ClCompile Include="..\private\UComponent.cpp">
      <Filter>06.Component</Filter>
    </ClCompile>
    <ClCompile Include="..\private\UTransform.cpp">
      <Filter>06.Component\Transform</Filter>
    </ClCompile>
    <ClCompile Include="..\private\UShaderBufferManager.cpp">
      <Filter>01.Manager\ShaderBufferManager</Filter>
    </ClCompile>
    <ClCompile Include="..\private\UPipeLine.cpp">
      <Filter>01.Manager\PipeLine</Filter>
    </ClCompile>
    <ClCompile Include="..\private\UCamera.cpp">
      <Filter>05.Actor\02.Camera</Filter>
    </ClCompile>
    <ClCompile Include="..\private\UFrustomCulling.cpp">
      <Filter>03.Utility\Frustom</Filter>
    </ClCompile>
    <ClCompile Include="..\private\UPawn.cpp">
      <Filter>05.Actor\01.Pawn</Filter>
    </ClCompile>
    <ClCompile Include="..\private\UDefaultSphere.cpp">
      <Filter>05.Actor\01.Pawn\Default\Sphere</Filter>
    </ClCompile>
    <ClCompile Include="..\private\UDefaultDebugging.cpp">
      <Filter>05.Actor\01.Pawn\Default\Debugging</Filter>
    </ClCompile>
    <ClCompile Include="..\private\UDefaultCube.cpp">
      <Filter>05.Actor\01.Pawn\Default\Cube</Filter>
    </ClCompile>
    <ClCompile Include="..\private\UActorManager.cpp">
      <Filter>01.Manager\ActorManager</Filter>
    </ClCompile>
    <ClCompile Include="..\private\UActorGroup.cpp">
      <Filter>01.Manager\ActorManager\Group</Filter>
    </ClCompile>
    <ClCompile Include="..\private\UScene.cpp">
      <Filter>04.Scene</Filter>
    </ClCompile>
    <ClCompile Include="..\private\UDelegate.cpp">
      <Filter>97.ClientNeeds\Delegate</Filter>
    </ClCompile>
    <ClCompile Include="..\private\ULoader.cpp">
      <Filter>04.Scene\Loader</Filter>
    </ClCompile>
    <ClCompile Include="..\private\UResourceLoader.cpp">
      <Filter>04.Scene\Loader\Resource</Filter>
    </ClCompile>
    <ClCompile Include="..\private\USceneManager.cpp">
      <Filter>01.Manager\SceneManager</Filter>
    </ClCompile>
    <ClCompile Include="..\private\UTimer.cpp">
      <Filter>03.Utility\Timer</Filter>
    </ClCompile>
    <ClCompile Include="..\private\UTimerManager.cpp">
      <Filter>01.Manager\TimerManager</Filter>
    </ClCompile>
    <ClCompile Include="..\private\UFilePathManager.cpp">
      <Filter>01.Manager\FilePathManager</Filter>
    </ClCompile>
    <ClCompile Include="..\private\UComponentManager.cpp">
      <Filter>01.Manager\ComponentManager</Filter>
    </ClCompile>
    <ClCompile Include="..\private\ULight.cpp">
      <Filter>04.Scene\Light</Filter>
    </ClCompile>
    <ClCompile Include="..\private\URenderer.cpp">
      <Filter>06.Component\Renderer</Filter>
    </ClCompile>
    <ClCompile Include="..\private\UDefferedCamera.cpp">
      <Filter>05.Actor\02.Camera\DefferedCamera</Filter>
    </ClCompile>
    <ClCompile Include="..\private\UVIBufferCube.cpp">
      <Filter>07.Resource\VIBuffer\Cube</Filter>
    </ClCompile>
    <ClCompile Include="..\private\UVIBufferSphere.cpp">
      <Filter>07.Resource\VIBuffer\Sphere</Filter>
    </ClCompile>
    <ClCompile Include="..\private\UModel.cpp">
      <Filter>07.Resource\Model</Filter>
    </ClCompile>
    <ClCompile Include="..\private\UBoneNode.cpp">
      <Filter>07.Resource\Model\BoneNode</Filter>
    </ClCompile>
    <ClCompile Include="..\private\UMeshContainer.cpp">
      <Filter>07.Resource\Model\MeshContainer</Filter>
    </ClCompile>
    <ClCompile Include="..\private\UAnimation.cpp">
      <Filter>07.Resource\Model\Animation</Filter>
    </ClCompile>
    <ClCompile Include="..\private\UChannel.cpp">
      <Filter>07.Resource\Model\Animation\Channel</Filter>
    </ClCompile>
    <ClCompile Include="..\private\UAnimModel.cpp">
      <Filter>07.Resource\Model</Filter>
    </ClCompile>
    <ClCompile Include="..\private\URectTransform.cpp">
      <Filter>06.Component\RectTransform</Filter>
    </ClCompile>
    <ClCompile Include="..\private\UUserInterface.cpp">
      <Filter>05.Actor\01.Pawn\UserInterface</Filter>
    </ClCompile>
    <ClCompile Include="..\private\UInputManager.cpp">
      <Filter>01.Manager\InputManager</Filter>
    </ClCompile>
    <ClCompile Include="..\private\ServerUtility.cpp">
      <Filter>96.ServerNeed</Filter>
    </ClCompile>
    <ClCompile Include="..\private\CustomMemory.cpp">
      <Filter>97.ClientNeeds\MemoryPool</Filter>
    </ClCompile>
    <ClCompile Include="..\private\UNetworkManager.cpp">
      <Filter>01.Manager\NetworkManager</Filter>
    </ClCompile>
    <ClCompile Include="..\private\UNetworkBaseController.cpp">
      <Filter>20.Network</Filter>
    </ClCompile>
    <ClCompile Include="..\private\UThreadManager.cpp">
      <Filter>01.Manager\ThreadManager</Filter>
    </ClCompile>
    <ClCompile Include="..\private\UWorkThread.cpp">
      <Filter>03.Utility\Thread</Filter>
    </ClCompile>
    <ClCompile Include="..\public\ImGui\imgui_widgets.cpp">
      <Filter>99.Default\ImGui</Filter>
    </ClCompile>
    <ClCompile Include="..\public\ImGui\imgui_tables.cpp">
      <Filter>99.Default\ImGui</Filter>
    </ClCompile>
    <ClCompile Include="..\public\ImGui\imgui_impl_win32.cpp">
      <Filter>99.Default\ImGui</Filter>
    </ClCompile>
    <ClCompile Include="..\public\ImGui\imgui_impl_dx12.cpp">
      <Filter>99.Default\ImGui</Filter>
    </ClCompile>
    <ClCompile Include="..\public\ImGui\imgui_draw.cpp">
      <Filter>99.Default\ImGui</Filter>
    </ClCompile>
    <ClCompile Include="..\public\ImGui\imgui_demo.cpp">
      <Filter>99.Default\ImGui</Filter>
    </ClCompile>
    <ClCompile Include="..\public\ImGui\imgui.cpp">
      <Filter>99.Default\ImGui</Filter>
    </ClCompile>
  </ItemGroup>
  <ItemGroup>
    <ClInclude Include="..\public\EngineDefine.h">
      <Filter>99.Default</Filter>
    </ClInclude>
    <ClInclude Include="..\public\EngineConcept.h">
      <Filter>99.Default</Filter>
    </ClInclude>
    <ClInclude Include="..\public\EngineEnum.h">
      <Filter>99.Default</Filter>
    </ClInclude>
    <ClInclude Include="..\public\EngineTypedef.h">
      <Filter>99.Default</Filter>
    </ClInclude>
    <ClInclude Include="..\public\EngineFunction.h">
      <Filter>99.Default</Filter>
    </ClInclude>
    <ClInclude Include="..\public\EngineMacro.h">
      <Filter>99.Default</Filter>
    </ClInclude>
    <ClInclude Include="..\public\EngineMake.h">
      <Filter>99.Default</Filter>
    </ClInclude>
    <ClInclude Include="..\public\EngineShaderParam.h">
      <Filter>99.Default</Filter>
    </ClInclude>
    <ClInclude Include="..\public\EngineStruct.h">
      <Filter>99.Default\Struct</Filter>
    </ClInclude>
    <ClInclude Include="..\public\UObject.h">
      <Filter>95.Super\Object</Filter>
    </ClInclude>
    <ClInclude Include="..\public\UCloneObject.h">
      <Filter>95.Super\Object</Filter>
    </ClInclude>
    <ClInclude Include="..\public\UBase.h">
      <Filter>95.Super\Base</Filter>
    </ClInclude>
    <ClInclude Include="..\public\UDevice.h">
      <Filter>02.DxClass\Device</Filter>
    </ClInclude>
    <ClInclude Include="..\public\UCommand.h">
      <Filter>02.DxClass\Command</Filter>
    </ClInclude>
    <ClInclude Include="..\public\UGpuCommand.h">
      <Filter>02.DxClass\Command\GPU</Filter>
    </ClInclude>
    <ClInclude Include="..\public\UGlobalConstantBuffer.h">
      <Filter>02.DxClass\GlobalConstants</Filter>
    </ClInclude>
    <ClInclude Include="..\public\UMethod.h">
      <Filter>97.ClientNeeds\Method</Filter>
    </ClInclude>
    <ClInclude Include="..\public\UShaderConstantBuffer.h">
      <Filter>02.DxClass\ShaderBuffer</Filter>
    </ClInclude>
    <ClInclude Include="..\public\UShaderStructedBuffer.h">
      <Filter>02.DxClass\StructedBuffer</Filter>
    </ClInclude>
    <ClInclude Include="..\public\UTableDescriptor.h">
      <Filter>02.DxClass\TableDescriptor</Filter>
    </ClInclude>
    <ClInclude Include="..\public\URootSignature.h">
      <Filter>02.DxClass\RootSignature</Filter>
    </ClInclude>
    <ClInclude Include="..\public\USwapChain.h">
      <Filter>02.DxClass\SwapChains</Filter>
    </ClInclude>
    <ClInclude Include="..\public\UGameInstance.h">
      <Filter>00.Instance\Game</Filter>
    </ClInclude>
    <ClInclude Include="..\public\UGraphicDevice.h">
      <Filter>01.Manager\GraphicDevice</Filter>
    </ClInclude>
    <ClInclude Include="..\public\UTexture.h">
      <Filter>07.Resource\TextGroup\Texture</Filter>
    </ClInclude>
    <ClInclude Include="..\public\UTexGroup.h">
      <Filter>07.Resource\TextGroup</Filter>
    </ClInclude>
    <ClInclude Include="..\public\UResource.h">
      <Filter>07.Resource</Filter>
    </ClInclude>
    <ClInclude Include="..\public\UShader.h">
      <Filter>07.Resource\Shader</Filter>
    </ClInclude>
    <ClInclude Include="..\public\UComputeShader.h">
      <Filter>07.Resource\Shader\Compute</Filter>
    </ClInclude>
    <ClInclude Include="..\public\UComputeCommand.h">
      <Filter>02.DxClass\Command\Compute</Filter>
    </ClInclude>
    <ClInclude Include="..\public\UResourceManager.h">
      <Filter>01.Manager\ResourceManager</Filter>
    </ClInclude>
    <ClInclude Include="..\public\URenderTargetGroup.h">
      <Filter>03.Utility\RenderTargetGroup</Filter>
    </ClInclude>
    <ClInclude Include="..\public\URenderTargetManager.h">
      <Filter>01.Manager\RenderTargetManager</Filter>
    </ClInclude>
    <ClInclude Include="..\public\UVIBuffer.h">
      <Filter>07.Resource\VIBuffer</Filter>
    </ClInclude>
    <ClInclude Include="..\public\UVIBufferRect.h">
      <Filter>07.Resource\VIBuffer\Rect</Filter>
    </ClInclude>
    <ClInclude Include="..\public\UActor.h">
      <Filter>05.Actor</Filter>
    </ClInclude>
    <ClInclude Include="..\public\UComponent.h">
      <Filter>06.Component</Filter>
    </ClInclude>
    <ClInclude Include="..\public\UTransform.h">
      <Filter>06.Component\Transform</Filter>
    </ClInclude>
    <ClInclude Include="..\public\UShaderBufferManager.h">
      <Filter>01.Manager\ShaderBufferManager</Filter>
    </ClInclude>
    <ClInclude Include="..\public\UPipeLine.h">
      <Filter>01.Manager\PipeLine</Filter>
    </ClInclude>
    <ClInclude Include="..\public\UCamera.h">
      <Filter>05.Actor\02.Camera</Filter>
    </ClInclude>
    <ClInclude Include="..\public\UFrustomCulling.h">
      <Filter>03.Utility\Frustom</Filter>
    </ClInclude>
    <ClInclude Include="..\public\UPawn.h">
      <Filter>05.Actor\01.Pawn</Filter>
    </ClInclude>
    <ClInclude Include="..\public\UDefaultSphere.h">
      <Filter>05.Actor\01.Pawn\Default\Sphere</Filter>
    </ClInclude>
    <ClInclude Include="..\public\UDefaultDebugging.h">
      <Filter>05.Actor\01.Pawn\Default\Debugging</Filter>
    </ClInclude>
    <ClInclude Include="..\public\UDefaultCube.h">
      <Filter>05.Actor\01.Pawn\Default\Cube</Filter>
    </ClInclude>
    <ClInclude Include="..\public\UActorManager.h">
      <Filter>01.Manager\ActorManager</Filter>
    </ClInclude>
    <ClInclude Include="..\public\UActorGroup.h">
      <Filter>01.Manager\ActorManager\Group</Filter>
    </ClInclude>
    <ClInclude Include="..\public\UScene.h">
      <Filter>04.Scene</Filter>
    </ClInclude>
    <ClInclude Include="..\public\UDelegate.h">
      <Filter>97.ClientNeeds\Delegate</Filter>
    </ClInclude>
    <ClInclude Include="..\public\ULoader.h">
      <Filter>04.Scene\Loader</Filter>
    </ClInclude>
    <ClInclude Include="..\public\UResourceLoader.h">
      <Filter>04.Scene\Loader\Resource</Filter>
    </ClInclude>
    <ClInclude Include="..\public\USceneManager.h">
      <Filter>01.Manager\SceneManager</Filter>
    </ClInclude>
    <ClInclude Include="..\public\UTimer.h">
      <Filter>03.Utility\Timer</Filter>
    </ClInclude>
    <ClInclude Include="..\public\UTimerManager.h">
      <Filter>01.Manager\TimerManager</Filter>
    </ClInclude>
    <ClInclude Include="..\public\UFilePathManager.h">
      <Filter>01.Manager\FilePathManager</Filter>
    </ClInclude>
    <ClInclude Include="..\public\UComponentManager.h">
      <Filter>01.Manager\ComponentManager</Filter>
    </ClInclude>
    <ClInclude Include="..\public\ULight.h">
      <Filter>04.Scene\Light</Filter>
    </ClInclude>
    <ClInclude Include="..\public\URenderer.h">
      <Filter>06.Component\Renderer</Filter>
    </ClInclude>
    <ClInclude Include="..\public\UDefferedCamera.h">
      <Filter>05.Actor\02.Camera\DefferedCamera</Filter>
    </ClInclude>
    <ClInclude Include="..\public\UVIBufferCube.h">
      <Filter>07.Resource\VIBuffer\Cube</Filter>
    </ClInclude>
    <ClInclude Include="..\public\UVIBufferSphere.h">
      <Filter>07.Resource\VIBuffer\Sphere</Filter>
    </ClInclude>
    <ClInclude Include="..\public\UModel.h">
      <Filter>07.Resource\Model</Filter>
    </ClInclude>
    <ClInclude Include="..\public\UBoneNode.h">
      <Filter>07.Resource\Model\BoneNode</Filter>
    </ClInclude>
    <ClInclude Include="..\public\UMeshContainer.h">
      <Filter>07.Resource\Model\MeshContainer</Filter>
    </ClInclude>
    <ClInclude Include="..\public\UAnimation.h">
      <Filter>07.Resource\Model\Animation</Filter>
    </ClInclude>
    <ClInclude Include="..\public\UChannel.h">
      <Filter>07.Resource\Model\Animation\Channel</Filter>
    </ClInclude>
    <ClInclude Include="..\public\UAnimModel.h">
      <Filter>07.Resource\Model</Filter>
    </ClInclude>
    <ClInclude Include="..\public\URectTransform.h">
      <Filter>06.Component\RectTransform</Filter>
    </ClInclude>
    <ClInclude Include="..\public\UUserInterface.h">
      <Filter>05.Actor\01.Pawn\UserInterface</Filter>
    </ClInclude>
    <ClInclude Include="..\public\UInputManager.h">
      <Filter>01.Manager\InputManager</Filter>
    </ClInclude>
    <ClInclude Include="..\public\ServerUtility.h">
      <Filter>96.ServerNeed</Filter>
    </ClInclude>
    <ClInclude Include="..\public\CustomMemory.h">
      <Filter>97.ClientNeeds\MemoryPool</Filter>
    </ClInclude>
    <ClInclude Include="..\public\UNetworkManager.h">
      <Filter>01.Manager\NetworkManager</Filter>
    </ClInclude>
    <ClInclude Include="..\public\UNetworkBaseController.h">
      <Filter>20.Network</Filter>
    </ClInclude>
    <ClInclude Include="..\public\UThreadManager.h">
      <Filter>01.Manager\ThreadManager</Filter>
    </ClInclude>
    <ClInclude Include="..\public\UWorkThread.h">
      <Filter>03.Utility\Thread</Filter>
    </ClInclude>
    <ClInclude Include="..\public\EnginePacket.h">
      <Filter>99.Default</Filter>
    </ClInclude>
    <ClInclude Include="..\public\ImGui\imstb_truetype.h">
      <Filter>99.Default\ImGui</Filter>
    </ClInclude>
    <ClInclude Include="..\public\ImGui\imstb_textedit.h">
      <Filter>99.Default\ImGui</Filter>
    </ClInclude>
    <ClInclude Include="..\public\ImGui\imstb_rectpack.h">
      <Filter>99.Default\ImGui</Filter>
    </ClInclude>
    <ClInclude Include="..\public\ImGui\imgui_internal.h">
      <Filter>99.Default\ImGui</Filter>
    </ClInclude>
    <ClInclude Include="..\public\ImGui\imgui_impl_win32.h">
      <Filter>99.Default\ImGui</Filter>
    </ClInclude>
    <ClInclude Include="..\public\ImGui\imgui_impl_dx12.h">
      <Filter>99.Default\ImGui</Filter>
    </ClInclude>
    <ClInclude Include="..\public\ImGui\imgui.h">
      <Filter>99.Default\ImGui</Filter>
    </ClInclude>
    <ClInclude Include="..\public\ImGui\imconfig.h">
      <Filter>99.Default\ImGui</Filter>
    </ClInclude>
  </ItemGroup>
  <ItemGroup>
    <None Include="..\..\Shader\ShaderGrobalFunc.hlsli">
      <Filter>98.ShaderFile\Common</Filter>
    </None>
    <None Include="..\..\Shader\ShaderParams.hlsli">
      <Filter>98.ShaderFile\Common</Filter>
    </None>
  </ItemGroup>
  <ItemGroup>
    <FxCompile Include="..\..\Shader\Rect.hlsl">
      <Filter>98.ShaderFile\Common\NonAlpha</Filter>
    </FxCompile>
    <FxCompile Include="..\..\Shader\FinalDeffered.hlsl">
      <Filter>98.ShaderFile\RTS</Filter>
    </FxCompile>
    <FxCompile Include="..\..\Shader\BlendDeffered.hlsl">
      <Filter>98.ShaderFile\RTS</Filter>
    </FxCompile>
  </ItemGroup>
</Project>