<?xml version="1.0" encoding="utf-8"?>
<Project ToolsVersion="4.0" xmlns="http://schemas.microsoft.com/developer/msbuild/2003">
  <ItemGroup>
    <Filter Include="00.Main">
      <UniqueIdentifier>{e0b8128a-00dd-4589-8508-7243f9e633a2}</UniqueIdentifier>
    </Filter>
    <Filter Include="99.Default">
      <UniqueIdentifier>{dc8c6006-72b3-41c2-9af3-47c85893c17d}</UniqueIdentifier>
    </Filter>
    <Filter Include="01.ServerApp">
      <UniqueIdentifier>{30a72322-098b-45cb-be43-a9af84a48672}</UniqueIdentifier>
    </Filter>
    <Filter Include="03.Session">
      <UniqueIdentifier>{9187a522-5423-4d0f-a953-e634f4e8138a}</UniqueIdentifier>
    </Filter>
    <Filter Include="02.Network">
      <UniqueIdentifier>{09bbe56e-9b37-4089-a483-508f03258725}</UniqueIdentifier>
    </Filter>
    <Filter Include="02.Network\ServerAdimin">
      <UniqueIdentifier>{84df9930-7505-4a48-a840-308fd3035637}</UniqueIdentifier>
    </Filter>
    <Filter Include="03.Session\Player">
      <UniqueIdentifier>{fdbc3898-3fdd-429b-8d81-5c07c9bc6fd6}</UniqueIdentifier>
    </Filter>
    <Filter Include="03.Session\Monster">
      <UniqueIdentifier>{01034477-172e-4fe5-99d8-30cd68b9e117}</UniqueIdentifier>
    </Filter>
    <Filter Include="02.Network\Timer">
      <UniqueIdentifier>{d8599901-690b-4de0-a434-a98974f5b5aa}</UniqueIdentifier>
    </Filter>
    <Filter Include="02.Network\Timer\MobTimer">
      <UniqueIdentifier>{fb6a57da-c2ae-4834-ad4e-4bfef13a6f49}</UniqueIdentifier>
    </Filter>
  </ItemGroup>
  <ItemGroup>
    <ClCompile Include="Main.cpp">
      <Filter>00.Main</Filter>
    </ClCompile>
    <ClCompile Include="..\Private\CServerApp.cpp">
      <Filter>01.ServerApp</Filter>
    </ClCompile>
    <ClCompile Include="..\Private\CServerAdiminstor.cpp">
      <Filter>02.Network\ServerAdimin</Filter>
    </ClCompile>
    <ClCompile Include="..\Private\CPlayerSession.cpp">
      <Filter>03.Session\Player</Filter>
    </ClCompile>
    <ClCompile Include="..\Private\CMummy.cpp">
      <Filter>03.Session\Monster</Filter>
    </ClCompile>
    <ClCompile Include="..\Private\CMonsterJobTimer.cpp">
      <Filter>02.Network\Timer\MobTimer</Filter>
    </ClCompile>
  </ItemGroup>
  <ItemGroup>
    <ClInclude Include="..\Public\CServerApp.h">
      <Filter>01.ServerApp</Filter>
    </ClInclude>
    <ClInclude Include="..\Public\ServerDefines.h">
      <Filter>99.Default</Filter>
    </ClInclude>
    <ClInclude Include="..\Public\CServerAdiminstor.h">
      <Filter>02.Network\ServerAdimin</Filter>
    </ClInclude>
    <ClInclude Include="..\Public\CPlayerSession.h">
      <Filter>03.Session\Player</Filter>
    </ClInclude>
    <ClInclude Include="..\Public\CMummy.h">
      <Filter>03.Session\Monster</Filter>
    </ClInclude>
    <ClInclude Include="..\Public\CMonsterJobTimer.h">
      <Filter>02.Network\Timer\MobTimer</Filter>
    </ClInclude>
  </ItemGroup>
</Project>