<?xml version="1.0" encoding="utf-8"?>
<Project ToolsVersion="4.0" xmlns="http://schemas.microsoft.com/developer/msbuild/2003">
  <ItemGroup>
    <Filter Include="97.Super">
      <UniqueIdentifier>{a5df70c3-53f2-4d85-96ec-37f9327d0d29}</UniqueIdentifier>
    </Filter>
    <Filter Include="99.Default">
      <UniqueIdentifier>{2d92c9ba-fb70-495a-b2cb-27237017fc01}</UniqueIdentifier>
    </Filter>
    <Filter Include="96.Debug">
      <UniqueIdentifier>{65b6d4d5-e2dc-4cd2-a071-67116dea07d9}</UniqueIdentifier>
    </Filter>
    <Filter Include="96.Debug\DeadLockProfiler">
      <UniqueIdentifier>{a0170836-5d8e-457b-ba57-c371fc562ce2}</UniqueIdentifier>
    </Filter>
    <Filter Include="98.Utility">
      <UniqueIdentifier>{27fa35e3-3988-4150-ba0f-cec3d67b2484}</UniqueIdentifier>
    </Filter>
    <Filter Include="98.Utility\Lock">
      <UniqueIdentifier>{d05bf69f-0859-40ae-94cc-ee7c8fcc25ac}</UniqueIdentifier>
    </Filter>
    <Filter Include="98.Utility\Memory">
      <UniqueIdentifier>{4d7c1bef-33d4-4faa-ad0f-34a50cc99784}</UniqueIdentifier>
    </Filter>
    <Filter Include="98.Utility\LFContainer">
      <UniqueIdentifier>{b7395a0b-aaef-430e-b000-20fa8eaddee5}</UniqueIdentifier>
    </Filter>
    <Filter Include="02.Manager">
      <UniqueIdentifier>{5121236a-45dc-4e7c-89a5-0a7a0e6bf6b2}</UniqueIdentifier>
    </Filter>
    <Filter Include="02.Manager\Thread">
      <UniqueIdentifier>{451b4d18-b3df-4900-bd4f-b89a4a009efa}</UniqueIdentifier>
    </Filter>
    <Filter Include="01.CoreInstance">
      <UniqueIdentifier>{b3593e4a-d6a9-458e-9390-388768fdd94e}</UniqueIdentifier>
    </Filter>
    <Filter Include="00.CoreGrobal">
      <UniqueIdentifier>{cce573dc-41c4-4746-84fe-db1dfc769b23}</UniqueIdentifier>
    </Filter>
    <Filter Include="98.Utility\ObjectPool">
      <UniqueIdentifier>{230e67c7-1ad2-4f50-95c3-103334143824}</UniqueIdentifier>
    </Filter>
    <Filter Include="97.Super\Object">
      <UniqueIdentifier>{147a2659-d2cb-4b8a-aa58-cb4a3bca7e83}</UniqueIdentifier>
    </Filter>
    <Filter Include="03.Network">
      <UniqueIdentifier>{f9f34431-a3ff-4ff2-a791-739328a22d8e}</UniqueIdentifier>
    </Filter>
    <Filter Include="03.Network\Session">
      <UniqueIdentifier>{113fff01-053a-454f-832b-fb5e44a5bd28}</UniqueIdentifier>
    </Filter>
    <Filter Include="03.Network\Service">
      <UniqueIdentifier>{0e44ce4c-1ee3-4dc5-897c-416bbcb16875}</UniqueIdentifier>
    </Filter>
    <Filter Include="03.Network\Service\Server">
      <UniqueIdentifier>{a66b5119-4dec-41d7-a49e-eea37e12cf99}</UniqueIdentifier>
    </Filter>
    <Filter Include="03.Network\Service\Client">
      <UniqueIdentifier>{6d84328e-d16c-47d5-8f77-cceb970cbeed}</UniqueIdentifier>
    </Filter>
    <Filter Include="02.Manager\RandomManager">
      <UniqueIdentifier>{99b09565-9bc8-471d-ac1b-234ce37782f6}</UniqueIdentifier>
    </Filter>
    <Filter Include="02.Manager\LogManager">
      <UniqueIdentifier>{7fd155e8-277c-4366-9709-58645d03818d}</UniqueIdentifier>
    </Filter>
    <Filter Include="03.Network\Room">
      <UniqueIdentifier>{e647efd8-c98c-4309-8ae6-79d10359b786}</UniqueIdentifier>
    </Filter>
    <Filter Include="98.Utility\INIReader">
      <UniqueIdentifier>{91c4dc71-855e-4581-a294-bdda9d7d7d65}</UniqueIdentifier>
    </Filter>
    <Filter Include="97.Super\App">
      <UniqueIdentifier>{a434c906-b883-4658-95d9-97e7fa7e9c00}</UniqueIdentifier>
    </Filter>
    <Filter Include="03.Network\Connector">
      <UniqueIdentifier>{c245dd3e-5bc1-4aa9-b629-2d70ab8d53b4}</UniqueIdentifier>
    </Filter>
  </ItemGroup>
  <ItemGroup>
    <ClInclude Include="..\Public\UBase.h">
      <Filter>97.Super</Filter>
    </ClInclude>
    <ClInclude Include="..\Public\CoreDefines.h">
      <Filter>99.Default</Filter>
    </ClInclude>
    <ClInclude Include="..\Public\CoreEnum.h">
      <Filter>99.Default</Filter>
    </ClInclude>
    <ClInclude Include="..\Public\CoreFunction.h">
      <Filter>99.Default</Filter>
    </ClInclude>
    <ClInclude Include="..\Public\CoreMacro.h">
      <Filter>99.Default</Filter>
    </ClInclude>
    <ClInclude Include="..\Public\CorePacket.h">
      <Filter>99.Default</Filter>
    </ClInclude>
    <ClInclude Include="..\Public\CoreTls.h">
      <Filter>99.Default</Filter>
    </ClInclude>
    <ClInclude Include="..\Public\CoreTypedef.h">
      <Filter>99.Default</Filter>
    </ClInclude>
    <ClInclude Include="..\Public\CoreConcept.h">
      <Filter>99.Default</Filter>
    </ClInclude>
    <ClInclude Include="..\Public\Lock.h">
      <Filter>98.Utility\Lock</Filter>
    </ClInclude>
    <ClInclude Include="..\Public\UDeadLockProfiler.h">
      <Filter>96.Debug\DeadLockProfiler</Filter>
    </ClInclude>
    <ClInclude Include="..\Public\Memory.h">
      <Filter>98.Utility\Memory</Filter>
    </ClInclude>
    <ClInclude Include="..\Public\UThreadManager.h">
      <Filter>02.Manager\Thread</Filter>
    </ClInclude>
    <ClInclude Include="..\Public\CoreStruct.h">
      <Filter>99.Default</Filter>
    </ClInclude>
    <ClInclude Include="..\Public\USession.h">
      <Filter>03.Network\Session</Filter>
    </ClInclude>
    <ClInclude Include="..\Public\Allocator.h">
      <Filter>98.Utility\Memory</Filter>
    </ClInclude>
    <ClInclude Include="..\Public\LockFree.h">
      <Filter>98.Utility\LFContainer</Filter>
    </ClInclude>
    <ClInclude Include="..\Public\SmartPointer.h">
      <Filter>98.Utility\LFContainer</Filter>
    </ClInclude>
    <ClInclude Include="..\Public\UCoreInstance.h">
      <Filter>01.CoreInstance</Filter>
    </ClInclude>
    <ClInclude Include="..\Public\CoreGrobal.h">
      <Filter>00.CoreGrobal</Filter>
    </ClInclude>
    <ClInclude Include="..\Public\UObjectPool.h">
      <Filter>98.Utility\ObjectPool</Filter>
    </ClInclude>
    <ClInclude Include="..\Public\CoreTypecast.h">
      <Filter>99.Default</Filter>
    </ClInclude>
    <ClInclude Include="..\Public\UService.h">
      <Filter>03.Network\Service</Filter>
    </ClInclude>
    <ClInclude Include="..\Public\UObject.h">
      <Filter>97.Super\Object</Filter>
    </ClInclude>
    <ClInclude Include="..\Public\UServerService.h">
      <Filter>03.Network\Service\Server</Filter>
    </ClInclude>
    <ClInclude Include="..\Public\UClientService.h">
      <Filter>03.Network\Service\Client</Filter>
    </ClInclude>
    <ClInclude Include="..\Public\URandomManager.h">
      <Filter>02.Manager\RandomManager</Filter>
    </ClInclude>
    <ClInclude Include="..\Public\ULogManager.h">
      <Filter>02.Manager\LogManager</Filter>
    </ClInclude>
    <ClInclude Include="..\Public\INIReader.h">
      <Filter>98.Utility\INIReader</Filter>
    </ClInclude>
    <ClInclude Include="..\Public\ini.h">
      <Filter>98.Utility\INIReader</Filter>
    </ClInclude>
    <ClInclude Include="..\Public\UApp.h">
      <Filter>97.Super\App</Filter>
    </ClInclude>
    <ClInclude Include="..\Public\URoom.h">
      <Filter>03.Network\Room</Filter>
    </ClInclude>
    <ClInclude Include="..\Public\UAwsConnector.h">
      <Filter>03.Network\Connector</Filter>
    </ClInclude>
  </ItemGroup>
  <ItemGroup>
    <ClCompile Include="..\Private\UBase.cpp">
      <Filter>97.Super</Filter>
    </ClCompile>
    <ClCompile Include="..\Private\Lock.cpp">
      <Filter>98.Utility\Lock</Filter>
    </ClCompile>
    <ClCompile Include="..\Private\UDeadLockProfiler.cpp">
      <Filter>96.Debug\DeadLockProfiler</Filter>
    </ClCompile>
    <ClCompile Include="..\Private\Memory.cpp">
      <Filter>98.Utility\Memory</Filter>
    </ClCompile>
    <ClCompile Include="..\Private\UThreadManager.cpp">
      <Filter>02.Manager\Thread</Filter>
    </ClCompile>
    <ClCompile Include="..\Private\USession.cpp">
      <Filter>03.Network\Session</Filter>
    </ClCompile>
    <ClCompile Include="..\Private\Allocator.cpp">
      <Filter>98.Utility\Memory</Filter>
    </ClCompile>
    <ClCompile Include="..\Private\LockFree.cpp">
      <Filter>98.Utility\LFContainer</Filter>
    </ClCompile>
    <ClCompile Include="..\Private\SmartPointer.cpp">
      <Filter>98.Utility\LFContainer</Filter>
    </ClCompile>
    <ClCompile Include="..\Private\UCoreInstance.cpp">
      <Filter>01.CoreInstance</Filter>
    </ClCompile>
    <ClCompile Include="..\Private\CoreGrobal.cpp">
      <Filter>00.CoreGrobal</Filter>
    </ClCompile>
    <ClCompile Include="..\Private\UObjectPool.cpp">
      <Filter>98.Utility\ObjectPool</Filter>
    </ClCompile>
    <ClCompile Include="..\Private\UService.cpp">
      <Filter>03.Network\Service</Filter>
    </ClCompile>
    <ClCompile Include="..\Private\UObject.cpp">
      <Filter>97.Super\Object</Filter>
    </ClCompile>
    <ClCompile Include="..\Private\UServerService.cpp">
      <Filter>03.Network\Service\Server</Filter>
    </ClCompile>
    <ClCompile Include="..\Private\UClientService.cpp">
      <Filter>03.Network\Service\Client</Filter>
    </ClCompile>
    <ClCompile Include="..\Private\URandomManager.cpp">
      <Filter>02.Manager\RandomManager</Filter>
    </ClCompile>
    <ClCompile Include="..\Private\ULogManager.cpp">
      <Filter>02.Manager\LogManager</Filter>
    </ClCompile>
    <ClCompile Include="..\Private\INIReader.cpp">
      <Filter>98.Utility\INIReader</Filter>
    </ClCompile>
    <ClCompile Include="..\Public\ini.cpp">
      <Filter>98.Utility\INIReader</Filter>
    </ClCompile>
    <ClCompile Include="..\Private\UApp.cpp">
      <Filter>97.Super\App</Filter>
    </ClCompile>
    <ClCompile Include="..\Private\URoom.cpp">
      <Filter>03.Network\Room</Filter>
    </ClCompile>
    <ClCompile Include="..\Private\UAwsConnector.cpp">
      <Filter>03.Network\Connector</Filter>
    </ClCompile>
  </ItemGroup>
</Project>